
Microsoft Visual Studio Solution File, Format Version 12.00
# Visual Studio Version 16
VisualStudioVersion = 16.0.30105.148
MinimumVisualStudioVersion = 10.0.40219.1
Project("{9A19103F-16F7-4668-BE54-9A1E7A4F7556}") = "HostedBlazorDemo.Server", "Server\HostedBlazorDemo.Server.csproj", "{EEC61146-E5A7-4EFD-9613-A360608F6A9F}"
EndProject
Project("{9A19103F-16F7-4668-BE54-9A1E7A4F7556}") = "HostedBlazorDemo.Client", "Client\HostedBlazorDemo.Client.csproj", "{AF059B51-B677-410A-A5EC-8ACA148367BA}"
EndProject
Project("{9A19103F-16F7-4668-BE54-9A1E7A4F7556}") = "HostedBlazorDemo.Shared", "Shared\HostedBlazorDemo.Shared.csproj", "{0D7ABCF9-E241-457F-BD4E-46A9E5C36EE6}"
EndProject
Project("{2150E333-8FDC-42A3-9474-1A3956D46DE8}") = "Solution Items", "Solution Items", "{DE1ABD6C-E768-4DE8-8FFA-B2606D3066EA}"
	ProjectSection(SolutionItems) = preProject
		..\.github\workflows\master_hostedblazorapp.yml = ..\.github\workflows\master_hostedblazorapp.yml
	EndProjectSection
EndProject
Global
	GlobalSection(SolutionConfigurationPlatforms) = preSolution
		Debug|Any CPU = Debug|Any CPU
		Release|Any CPU = Release|Any CPU
	EndGlobalSection
	GlobalSection(ProjectConfigurationPlatforms) = postSolution
		{EEC61146-E5A7-4EFD-9613-A360608F6A9F}.Debug|Any CPU.ActiveCfg = Debug|Any CPU
		{EEC61146-E5A7-4EFD-9613-A360608F6A9F}.Debug|Any CPU.Build.0 = Debug|Any CPU
		{EEC61146-E5A7-4EFD-9613-A360608F6A9F}.Release|Any CPU.ActiveCfg = Release|Any CPU
		{EEC61146-E5A7-4EFD-9613-A360608F6A9F}.Release|Any CPU.Build.0 = Release|Any CPU
		{AF059B51-B677-410A-A5EC-8ACA148367BA}.Debug|Any CPU.ActiveCfg = Debug|Any CPU
		{AF059B51-B677-410A-A5EC-8ACA148367BA}.Debug|Any CPU.Build.0 = Debug|Any CPU
		{AF059B51-B677-410A-A5EC-8ACA148367BA}.Release|Any CPU.ActiveCfg = Release|Any CPU
		{AF059B51-B677-410A-A5EC-8ACA148367BA}.Release|Any CPU.Build.0 = Release|Any CPU
		{0D7ABCF9-E241-457F-BD4E-46A9E5C36EE6}.Debug|Any CPU.ActiveCfg = Debug|Any CPU
		{0D7ABCF9-E241-457F-BD4E-46A9E5C36EE6}.Debug|Any CPU.Build.0 = Debug|Any CPU
		{0D7ABCF9-E241-457F-BD4E-46A9E5C36EE6}.Release|Any CPU.ActiveCfg = Release|Any CPU
		{0D7ABCF9-E241-457F-BD4E-46A9E5C36EE6}.Release|Any CPU.Build.0 = Release|Any CPU
	EndGlobalSection
	GlobalSection(SolutionProperties) = preSolution
		HideSolutionNode = FALSE
	EndGlobalSection
	GlobalSection(ExtensibilityGlobals) = postSolution
		SolutionGuid = {0CA6408A-9248-4C07-A09F-6992C69A3BE0}
	EndGlobalSection
EndGlobal
